
Microsoft Visual Studio Solution File, Format Version 12.00
# Visual Studio Version 16
VisualStudioVersion = 16.0.30523.141
MinimumVisualStudioVersion = 10.0.40219.1
Project("{FAE04EC0-301F-11D3-BF4B-00C04F79EFBC}") = "JuegosOlimpicos", "JuegosOlimpicos\JuegosOlimpicos.csproj", "{F3783153-9D05-4979-B6F7-A236251EAF22}"
EndProject
Global
	GlobalSection(SolutionConfigurationPlatforms) = preSolution
		Debug|Any CPU = Debug|Any CPU
		Release|Any CPU = Release|Any CPU
	EndGlobalSection
	GlobalSection(ProjectConfigurationPlatforms) = postSolution
		{F3783153-9D05-4979-B6F7-A236251EAF22}.Debug|Any CPU.ActiveCfg = Debug|Any CPU
		{F3783153-9D05-4979-B6F7-A236251EAF22}.Debug|Any CPU.Build.0 = Debug|Any CPU
		{F3783153-9D05-4979-B6F7-A236251EAF22}.Release|Any CPU.ActiveCfg = Release|Any CPU
		{F3783153-9D05-4979-B6F7-A236251EAF22}.Release|Any CPU.Build.0 = Release|Any CPU
	EndGlobalSection
	GlobalSection(SolutionProperties) = preSolution
		HideSolutionNode = FALSE
	EndGlobalSection
	GlobalSection(ExtensibilityGlobals) = postSolution
		SolutionGuid = {6A39EC35-56F4-48D7-9CC1-BC558963A85F}
	EndGlobalSection
EndGlobal
